// !$*UTF8*$!
{
	archiveVersion = 1;
	classes = {
	};
	objectVersion = 50;
	objects = {

/* Begin PBXBuildFile section */
		4D332235247D0FF000C6CB2D /* MacroSliderContainerView.swift in Sources */ = {isa = PBXBuildFile; fileRef = 4D332221247D0FEF00C6CB2D /* MacroSliderContainerView.swift */; };
		4D332236247D0FF000C6CB2D /* SliderView.swift in Sources */ = {isa = PBXBuildFile; fileRef = 4D332222247D0FEF00C6CB2D /* SliderView.swift */; };
		4D332238247D0FF000C6CB2D /* LineView.swift in Sources */ = {isa = PBXBuildFile; fileRef = 4D332226247D0FEF00C6CB2D /* LineView.swift */; };
		4D33223A247D0FF000C6CB2D /* LabelView.swift in Sources */ = {isa = PBXBuildFile; fileRef = 4D332228247D0FEF00C6CB2D /* LabelView.swift */; };
		4D33223B247D0FF000C6CB2D /* ContentView.swift in Sources */ = {isa = PBXBuildFile; fileRef = 4D332229247D0FEF00C6CB2D /* ContentView.swift */; };
		4D33223C247D0FF000C6CB2D /* SeperatorView.swift in Sources */ = {isa = PBXBuildFile; fileRef = 4D33222A247D0FEF00C6CB2D /* SeperatorView.swift */; };
		4D33223D247D0FF000C6CB2D /* LabelsView.swift in Sources */ = {isa = PBXBuildFile; fileRef = 4D33222B247D0FEF00C6CB2D /* LabelsView.swift */; };
		4D33223E247D0FF000C6CB2D /* GraphView.swift in Sources */ = {isa = PBXBuildFile; fileRef = 4D33222C247D0FEF00C6CB2D /* GraphView.swift */; };
		4D33223F247D0FF000C6CB2D /* SceneDelegate.swift in Sources */ = {isa = PBXBuildFile; fileRef = 4D33222D247D0FEF00C6CB2D /* SceneDelegate.swift */; };
		4D332240247D0FF000C6CB2D /* AppDelegate.swift in Sources */ = {isa = PBXBuildFile; fileRef = 4D33222E247D0FEF00C6CB2D /* AppDelegate.swift */; };
		4D332241247D0FF000C6CB2D /* Preview Assets.xcassets in Resources */ = {isa = PBXBuildFile; fileRef = 4D332230247D0FEF00C6CB2D /* Preview Assets.xcassets */; };
		4D332242247D0FF000C6CB2D /* KeyboardResponder.swift in Sources */ = {isa = PBXBuildFile; fileRef = 4D332231247D0FEF00C6CB2D /* KeyboardResponder.swift */; };
		4D332243247D0FF000C6CB2D /* CustomTextField.swift in Sources */ = {isa = PBXBuildFile; fileRef = 4D332232247D0FF000C6CB2D /* CustomTextField.swift */; };
		4D332244247D0FF000C6CB2D /* Assets.xcassets in Resources */ = {isa = PBXBuildFile; fileRef = 4D332233247D0FF000C6CB2D /* Assets.xcassets */; };
		4D332245247D0FF000C6CB2D /* Formatter.swift in Sources */ = {isa = PBXBuildFile; fileRef = 4D332234247D0FF000C6CB2D /* Formatter.swift */; };
/* End PBXBuildFile section */

/* Begin PBXFileReference section */
		4D332221247D0FEF00C6CB2D /* MacroSliderContainerView.swift */ = {isa = PBXFileReference; fileEncoding = 4; lastKnownFileType = sourcecode.swift; path = MacroSliderContainerView.swift; sourceTree = "<group>"; };
		4D332222247D0FEF00C6CB2D /* SliderView.swift */ = {isa = PBXFileReference; fileEncoding = 4; lastKnownFileType = sourcecode.swift; path = SliderView.swift; sourceTree = "<group>"; };
		4D332226247D0FEF00C6CB2D /* LineView.swift */ = {isa = PBXFileReference; fileEncoding = 4; lastKnownFileType = sourcecode.swift; path = LineView.swift; sourceTree = "<group>"; };
		4D332227247D0FEF00C6CB2D /* Info.plist */ = {isa = PBXFileReference; fileEncoding = 4; lastKnownFileType = text.plist.xml; path = Info.plist; sourceTree = "<group>"; };
		4D332228247D0FEF00C6CB2D /* LabelView.swift */ = {isa = PBXFileReference; fileEncoding = 4; lastKnownFileType = sourcecode.swift; path = LabelView.swift; sourceTree = "<group>"; };
		4D332229247D0FEF00C6CB2D /* ContentView.swift */ = {isa = PBXFileReference; fileEncoding = 4; lastKnownFileType = sourcecode.swift; path = ContentView.swift; sourceTree = "<group>"; };
		4D33222A247D0FEF00C6CB2D /* SeperatorView.swift */ = {isa = PBXFileReference; fileEncoding = 4; lastKnownFileType = sourcecode.swift; path = SeperatorView.swift; sourceTree = "<group>"; };
		4D33222B247D0FEF00C6CB2D /* LabelsView.swift */ = {isa = PBXFileReference; fileEncoding = 4; lastKnownFileType = sourcecode.swift; path = LabelsView.swift; sourceTree = "<group>"; };
		4D33222C247D0FEF00C6CB2D /* GraphView.swift */ = {isa = PBXFileReference; fileEncoding = 4; lastKnownFileType = sourcecode.swift; path = GraphView.swift; sourceTree = "<group>"; };
		4D33222D247D0FEF00C6CB2D /* SceneDelegate.swift */ = {isa = PBXFileReference; fileEncoding = 4; lastKnownFileType = sourcecode.swift; path = SceneDelegate.swift; sourceTree = "<group>"; };
		4D33222E247D0FEF00C6CB2D /* AppDelegate.swift */ = {isa = PBXFileReference; fileEncoding = 4; lastKnownFileType = sourcecode.swift; path = AppDelegate.swift; sourceTree = "<group>"; };
		4D332230247D0FEF00C6CB2D /* Preview Assets.xcassets */ = {isa = PBXFileReference; lastKnownFileType = folder.assetcatalog; path = "Preview Assets.xcassets"; sourceTree = "<group>"; };
		4D332231247D0FEF00C6CB2D /* KeyboardResponder.swift */ = {isa = PBXFileReference; fileEncoding = 4; lastKnownFileType = sourcecode.swift; path = KeyboardResponder.swift; sourceTree = "<group>"; };
		4D332232247D0FF000C6CB2D /* CustomTextField.swift */ = {isa = PBXFileReference; fileEncoding = 4; lastKnownFileType = sourcecode.swift; path = CustomTextField.swift; sourceTree = "<group>"; };
		4D332233247D0FF000C6CB2D /* Assets.xcassets */ = {isa = PBXFileReference; lastKnownFileType = folder.assetcatalog; path = Assets.xcassets; sourceTree = "<group>"; };
		4D332234247D0FF000C6CB2D /* Formatter.swift */ = {isa = PBXFileReference; fileEncoding = 4; lastKnownFileType = sourcecode.swift; path = Formatter.swift; sourceTree = "<group>"; };
		4D8070FE2328D7B70073C578 /* ProteinEnergyRatio.app */ = {isa = PBXFileReference; explicitFileType = wrapper.application; includeInIndex = 0; path = ProteinEnergyRatio.app; sourceTree = BUILT_PRODUCTS_DIR; };
/* End PBXFileReference section */

/* Begin PBXFrameworksBuildPhase section */
		4D8070FB2328D7B70073C578 /* Frameworks */ = {
			isa = PBXFrameworksBuildPhase;
			buildActionMask = 2147483647;
			files = (
			);
			runOnlyForDeploymentPostprocessing = 0;
		};
/* End PBXFrameworksBuildPhase section */

/* Begin PBXGroup section */
		4D33222F247D0FEF00C6CB2D /* Preview Content */ = {
			isa = PBXGroup;
			children = (
				4D332230247D0FEF00C6CB2D /* Preview Assets.xcassets */,
			);
			path = "Preview Content";
			sourceTree = "<group>";
		};
		4D8070F52328D7B70073C578 = {
			isa = PBXGroup;
			children = (
				4D8071002328D7B70073C578 /* ProteinEnergyRatio */,
				4D8070FF2328D7B70073C578 /* Products */,
			);
			sourceTree = "<group>";
		};
		4D8070FF2328D7B70073C578 /* Products */ = {
			isa = PBXGroup;
			children = (
				4D8070FE2328D7B70073C578 /* ProteinEnergyRatio.app */,
			);
			name = Products;
			sourceTree = "<group>";
		};
		4D8071002328D7B70073C578 /* ProteinEnergyRatio */ = {
			isa = PBXGroup;
			children = (
				4D33222E247D0FEF00C6CB2D /* AppDelegate.swift */,
				4D332233247D0FF000C6CB2D /* Assets.xcassets */,
				4D332229247D0FEF00C6CB2D /* ContentView.swift */,
				4D332232247D0FF000C6CB2D /* CustomTextField.swift */,
				4D332234247D0FF000C6CB2D /* Formatter.swift */,
				4D33222C247D0FEF00C6CB2D /* GraphView.swift */,
				4D332227247D0FEF00C6CB2D /* Info.plist */,
				4D332231247D0FEF00C6CB2D /* KeyboardResponder.swift */,
				4D33222B247D0FEF00C6CB2D /* LabelsView.swift */,
				4D332228247D0FEF00C6CB2D /* LabelView.swift */,
				4D332226247D0FEF00C6CB2D /* LineView.swift */,
				4D332221247D0FEF00C6CB2D /* MacroSliderContainerView.swift */,
				4D33222D247D0FEF00C6CB2D /* SceneDelegate.swift */,
				4D33222A247D0FEF00C6CB2D /* SeperatorView.swift */,
				4D332222247D0FEF00C6CB2D /* SliderView.swift */,
				4D33222F247D0FEF00C6CB2D /* Preview Content */,
			);
			path = ProteinEnergyRatio;
			sourceTree = "<group>";
		};
/* End PBXGroup section */

/* Begin PBXNativeTarget section */
		4D8070FD2328D7B70073C578 /* ProteinEnergyRatio */ = {
			isa = PBXNativeTarget;
			buildConfigurationList = 4D8071102328D7B90073C578 /* Build configuration list for PBXNativeTarget "ProteinEnergyRatio" */;
			buildPhases = (
				4D8070FA2328D7B70073C578 /* Sources */,
				4D8070FB2328D7B70073C578 /* Frameworks */,
				4D8070FC2328D7B70073C578 /* Resources */,
			);
			buildRules = (
			);
			dependencies = (
			);
			name = ProteinEnergyRatio;
			productName = ProteinEnergyRatio;
			productReference = 4D8070FE2328D7B70073C578 /* ProteinEnergyRatio.app */;
			productType = "com.apple.product-type.application";
		};
/* End PBXNativeTarget section */

/* Begin PBXProject section */
		4D8070F62328D7B70073C578 /* Project object */ = {
			isa = PBXProject;
			attributes = {
				LastSwiftUpdateCheck = 1020;
				LastUpgradeCheck = 1020;
				ORGANIZATIONNAME = mgopsill;
				TargetAttributes = {
					4D8070FD2328D7B70073C578 = {
						CreatedOnToolsVersion = 10.2.1;
						LastSwiftMigration = 1150;
					};
				};
			};
			buildConfigurationList = 4D8070F92328D7B70073C578 /* Build configuration list for PBXProject "ProteinEnergyRatio" */;
			compatibilityVersion = "Xcode 9.3";
			developmentRegion = en;
			hasScannedForEncodings = 0;
			knownRegions = (
				en,
				Base,
			);
			mainGroup = 4D8070F52328D7B70073C578;
			productRefGroup = 4D8070FF2328D7B70073C578 /* Products */;
			projectDirPath = "";
			projectRoot = "";
			targets = (
				4D8070FD2328D7B70073C578 /* ProteinEnergyRatio */,
			);
		};
/* End PBXProject section */

/* Begin PBXResourcesBuildPhase section */
		4D8070FC2328D7B70073C578 /* Resources */ = {
			isa = PBXResourcesBuildPhase;
			buildActionMask = 2147483647;
			files = (
				4D332241247D0FF000C6CB2D /* Preview Assets.xcassets in Resources */,
				4D332244247D0FF000C6CB2D /* Assets.xcassets in Resources */,
			);
			runOnlyForDeploymentPostprocessing = 0;
		};
/* End PBXResourcesBuildPhase section */

/* Begin PBXSourcesBuildPhase section */
		4D8070FA2328D7B70073C578 /* Sources */ = {
			isa = PBXSourcesBuildPhase;
			buildActionMask = 2147483647;
			files = (
				4D332235247D0FF000C6CB2D /* MacroSliderContainerView.swift in Sources */,
				4D332245247D0FF000C6CB2D /* Formatter.swift in Sources */,
				4D33223B247D0FF000C6CB2D /* ContentView.swift in Sources */,
				4D33223F247D0FF000C6CB2D /* SceneDelegate.swift in Sources */,
				4D332242247D0FF000C6CB2D /* KeyboardResponder.swift in Sources */,
				4D33223A247D0FF000C6CB2D /* LabelView.swift in Sources */,
				4D33223D247D0FF000C6CB2D /* LabelsView.swift in Sources */,
				4D332236247D0FF000C6CB2D /* SliderView.swift in Sources */,
				4D33223C247D0FF000C6CB2D /* SeperatorView.swift in Sources */,
				4D332243247D0FF000C6CB2D /* CustomTextField.swift in Sources */,
				4D332238247D0FF000C6CB2D /* LineView.swift in Sources */,
				4D332240247D0FF000C6CB2D /* AppDelegate.swift in Sources */,
				4D33223E247D0FF000C6CB2D /* GraphView.swift in Sources */,
			);
			runOnlyForDeploymentPostprocessing = 0;
		};
/* End PBXSourcesBuildPhase section */

/* Begin XCBuildConfiguration section */
		4D80710E2328D7B90073C578 /* Debug */ = {
			isa = XCBuildConfiguration;
			buildSettings = {
				ALWAYS_SEARCH_USER_PATHS = NO;
				CLANG_ANALYZER_NONNULL = YES;
				CLANG_ANALYZER_NUMBER_OBJECT_CONVERSION = YES_AGGRESSIVE;
				CLANG_CXX_LANGUAGE_STANDARD = "gnu++14";
				CLANG_CXX_LIBRARY = "libc++";
				CLANG_ENABLE_MODULES = YES;
				CLANG_ENABLE_OBJC_ARC = YES;
				CLANG_ENABLE_OBJC_WEAK = YES;
				CLANG_WARN_BLOCK_CAPTURE_AUTORELEASING = YES;
				CLANG_WARN_BOOL_CONVERSION = YES;
				CLANG_WARN_COMMA = YES;
				CLANG_WARN_CONSTANT_CONVERSION = YES;
				CLANG_WARN_DEPRECATED_OBJC_IMPLEMENTATIONS = YES;
				CLANG_WARN_DIRECT_OBJC_ISA_USAGE = YES_ERROR;
				CLANG_WARN_DOCUMENTATION_COMMENTS = YES;
				CLANG_WARN_EMPTY_BODY = YES;
				CLANG_WARN_ENUM_CONVERSION = YES;
				CLANG_WARN_INFINITE_RECURSION = YES;
				CLANG_WARN_INT_CONVERSION = YES;
				CLANG_WARN_NON_LITERAL_NULL_CONVERSION = YES;
				CLANG_WARN_OBJC_IMPLICIT_RETAIN_SELF = YES;
				CLANG_WARN_OBJC_LITERAL_CONVERSION = YES;
				CLANG_WARN_OBJC_ROOT_CLASS = YES_ERROR;
				CLANG_WARN_RANGE_LOOP_ANALYSIS = YES;
				CLANG_WARN_STRICT_PROTOTYPES = YES;
				CLANG_WARN_SUSPICIOUS_MOVE = YES;
				CLANG_WARN_UNGUARDED_AVAILABILITY = YES_AGGRESSIVE;
				CLANG_WARN_UNREACHABLE_CODE = YES;
				CLANG_WARN__DUPLICATE_METHOD_MATCH = YES;
				CODE_SIGN_IDENTITY = "iPhone Developer";
				COPY_PHASE_STRIP = NO;
				DEBUG_INFORMATION_FORMAT = dwarf;
				ENABLE_STRICT_OBJC_MSGSEND = YES;
				ENABLE_TESTABILITY = YES;
				GCC_C_LANGUAGE_STANDARD = gnu11;
				GCC_DYNAMIC_NO_PIC = NO;
				GCC_NO_COMMON_BLOCKS = YES;
				GCC_OPTIMIZATION_LEVEL = 0;
				GCC_PREPROCESSOR_DEFINITIONS = (
					"DEBUG=1",
					"$(inherited)",
				);
				GCC_WARN_64_TO_32_BIT_CONVERSION = YES;
				GCC_WARN_ABOUT_RETURN_TYPE = YES_ERROR;
				GCC_WARN_UNDECLARED_SELECTOR = YES;
				GCC_WARN_UNINITIALIZED_AUTOS = YES_AGGRESSIVE;
				GCC_WARN_UNUSED_FUNCTION = YES;
				GCC_WARN_UNUSED_VARIABLE = YES;
				IPHONEOS_DEPLOYMENT_TARGET = 12.2;
				MTL_ENABLE_DEBUG_INFO = INCLUDE_SOURCE;
				MTL_FAST_MATH = YES;
				ONLY_ACTIVE_ARCH = YES;
				SDKROOT = iphoneos;
				SWIFT_ACTIVE_COMPILATION_CONDITIONS = DEBUG;
				SWIFT_OPTIMIZATION_LEVEL = "-Onone";
			};
			name = Debug;
		};
		4D80710F2328D7B90073C578 /* Release */ = {
			isa = XCBuildConfiguration;
			buildSettings = {
				ALWAYS_SEARCH_USER_PATHS = NO;
				CLANG_ANALYZER_NONNULL = YES;
				CLANG_ANALYZER_NUMBER_OBJECT_CONVERSION = YES_AGGRESSIVE;
				CLANG_CXX_LANGUAGE_STANDARD = "gnu++14";
				CLANG_CXX_LIBRARY = "libc++";
				CLANG_ENABLE_MODULES = YES;
				CLANG_ENABLE_OBJC_ARC = YES;
				CLANG_ENABLE_OBJC_WEAK = YES;
				CLANG_WARN_BLOCK_CAPTURE_AUTORELEASING = YES;
				CLANG_WARN_BOOL_CONVERSION = YES;
				CLANG_WARN_COMMA = YES;
				CLANG_WARN_CONSTANT_CONVERSION = YES;
				CLANG_WARN_DEPRECATED_OBJC_IMPLEMENTATIONS = YES;
				CLANG_WARN_DIRECT_OBJC_ISA_USAGE = YES_ERROR;
				CLANG_WARN_DOCUMENTATION_COMMENTS = YES;
				CLANG_WARN_EMPTY_BODY = YES;
				CLANG_WARN_ENUM_CONVERSION = YES;
				CLANG_WARN_INFINITE_RECURSION = YES;
				CLANG_WARN_INT_CONVERSION = YES;
				CLANG_WARN_NON_LITERAL_NULL_CONVERSION = YES;
				CLANG_WARN_OBJC_IMPLICIT_RETAIN_SELF = YES;
				CLANG_WARN_OBJC_LITERAL_CONVERSION = YES;
				CLANG_WARN_OBJC_ROOT_CLASS = YES_ERROR;
				CLANG_WARN_RANGE_LOOP_ANALYSIS = YES;
				CLANG_WARN_STRICT_PROTOTYPES = YES;
				CLANG_WARN_SUSPICIOUS_MOVE = YES;
				CLANG_WARN_UNGUARDED_AVAILABILITY = YES_AGGRESSIVE;
				CLANG_WARN_UNREACHABLE_CODE = YES;
				CLANG_WARN__DUPLICATE_METHOD_MATCH = YES;
				CODE_SIGN_IDENTITY = "iPhone Developer";
				COPY_PHASE_STRIP = NO;
				DEBUG_INFORMATION_FORMAT = "dwarf-with-dsym";
				ENABLE_NS_ASSERTIONS = NO;
				ENABLE_STRICT_OBJC_MSGSEND = YES;
				GCC_C_LANGUAGE_STANDARD = gnu11;
				GCC_NO_COMMON_BLOCKS = YES;
				GCC_WARN_64_TO_32_BIT_CONVERSION = YES;
				GCC_WARN_ABOUT_RETURN_TYPE = YES_ERROR;
				GCC_WARN_UNDECLARED_SELECTOR = YES;
				GCC_WARN_UNINITIALIZED_AUTOS = YES_AGGRESSIVE;
				GCC_WARN_UNUSED_FUNCTION = YES;
				GCC_WARN_UNUSED_VARIABLE = YES;
				IPHONEOS_DEPLOYMENT_TARGET = 12.2;
				MTL_ENABLE_DEBUG_INFO = NO;
				MTL_FAST_MATH = YES;
				SDKROOT = iphoneos;
				SWIFT_COMPILATION_MODE = wholemodule;
				SWIFT_OPTIMIZATION_LEVEL = "-O";
				VALIDATE_PRODUCT = YES;
			};
			name = Release;
		};
		4D8071112328D7B90073C578 /* Debug */ = {
			isa = XCBuildConfiguration;
			buildSettings = {
				ASSETCATALOG_COMPILER_APPICON_NAME = AppIcon;
				CLANG_ENABLE_MODULES = YES;
				CODE_SIGN_IDENTITY = "Apple Development";
				CODE_SIGN_STYLE = Automatic;
				CURRENT_PROJECT_VERSION = 1.6;
				DEVELOPMENT_ASSET_PATHS = "ProteinEnergyRatio/Preview\\ Content/Preview\\ Assets.xcassets";
				DEVELOPMENT_TEAM = EYT7Q6838H;
				INFOPLIST_FILE = ProteinEnergyRatio/Info.plist;
				IPHONEOS_DEPLOYMENT_TARGET = 13.0;
				LD_RUNPATH_SEARCH_PATHS = (
					"$(inherited)",
					"@executable_path/Frameworks",
				);
				MARKETING_VERSION = 1.3.2;
				PRODUCT_BUNDLE_IDENTIFIER = com.mgopsill.ProteinEnergyRatio;
				PRODUCT_NAME = ProteinEnergyRatio;
				PROVISIONING_PROFILE_SPECIFIER = "";
				SWIFT_OPTIMIZATION_LEVEL = "-Onone";
				SWIFT_VERSION = 5.0;
				TARGETED_DEVICE_FAMILY = 1;
			};
			name = Debug;
		};
		4D8071122328D7B90073C578 /* Release */ = {
			isa = XCBuildConfiguration;
			buildSettings = {
				ASSETCATALOG_COMPILER_APPICON_NAME = AppIcon;
				CLANG_ENABLE_MODULES = YES;
				CODE_SIGN_IDENTITY = "Apple Development";
				CODE_SIGN_STYLE = Automatic;
				CURRENT_PROJECT_VERSION = 1.6;
				DEVELOPMENT_ASSET_PATHS = "ProteinEnergyRatio/Preview\\ Content/Preview\\ Assets.xcassets";
				DEVELOPMENT_TEAM = EYT7Q6838H;
				INFOPLIST_FILE = ProteinEnergyRatio/Info.plist;
				IPHONEOS_DEPLOYMENT_TARGET = 13.0;
				LD_RUNPATH_SEARCH_PATHS = (
					"$(inherited)",
					"@executable_path/Frameworks",
				);
				MARKETING_VERSION = 1.3.2;
				PRODUCT_BUNDLE_IDENTIFIER = com.mgopsill.ProteinEnergyRatio;
				PRODUCT_NAME = ProteinEnergyRatio;
				PROVISIONING_PROFILE_SPECIFIER = "";
				SWIFT_VERSION = 5.0;
				TARGETED_DEVICE_FAMILY = 1;
			};
			name = Release;
		};
/* End XCBuildConfiguration section */

/* Begin XCConfigurationList section */
		4D8070F92328D7B70073C578 /* Build configuration list for PBXProject "ProteinEnergyRatio" */ = {
			isa = XCConfigurationList;
			buildConfigurations = (
				4D80710E2328D7B90073C578 /* Debug */,
				4D80710F2328D7B90073C578 /* Release */,
			);
			defaultConfigurationIsVisible = 0;
			defaultConfigurationName = Release;
		};
		4D8071102328D7B90073C578 /* Build configuration list for PBXNativeTarget "ProteinEnergyRatio" */ = {
			isa = XCConfigurationList;
			buildConfigurations = (
				4D8071112328D7B90073C578 /* Debug */,
				4D8071122328D7B90073C578 /* Release */,
			);
			defaultConfigurationIsVisible = 0;
			defaultConfigurationName = Release;
		};
/* End XCConfigurationList section */
	};
	rootObject = 4D8070F62328D7B70073C578 /* Project object */;
}
